// !$*UTF8*$!
{
	archiveVersion = 1;
	classes = {
	};
	objectVersion = 77;
	objects = {

/* Begin PBXBuildFile section */
		65B6FEC42EE5EF8700DB4EED /* GymTrackerWatch Watch App.app in Embed Watch Content */ = {isa = PBXBuildFile; fileRef = 65B6FEBA2EE5EF8500DB4EED /* GymTrackerWatch Watch App.app */; settings = {ATTRIBUTES = (RemoveHeadersOnCopy, ); }; };
		65F66C1D2EE4FD780089B62E /* WidgetKit.framework in Frameworks */ = {isa = PBXBuildFile; fileRef = 65F66C1C2EE4FD780089B62E /* WidgetKit.framework */; };
		65F66C1F2EE4FD780089B62E /* SwiftUI.framework in Frameworks */ = {isa = PBXBuildFile; fileRef = 65F66C1E2EE4FD780089B62E /* SwiftUI.framework */; };
		65F66C302EE4FD790089B62E /* TrackerWidgetExtension.appex in Embed Foundation Extensions */ = {isa = PBXBuildFile; fileRef = 65F66C1A2EE4FD780089B62E /* TrackerWidgetExtension.appex */; settings = {ATTRIBUTES = (RemoveHeadersOnCopy, ); }; };
/* End PBXBuildFile section */

/* Begin PBXContainerItemProxy section */
		65B6FEC22EE5EF8700DB4EED /* PBXContainerItemProxy */ = {
			isa = PBXContainerItemProxy;
			containerPortal = 651FCBA52E8D3B9B00AC42F6 /* Project object */;
			proxyType = 1;
			remoteGlobalIDString = 65B6FEB92EE5EF8500DB4EED;
			remoteInfo = "GymTrackerWatch Watch App";
		};
		65F66C2E2EE4FD790089B62E /* PBXContainerItemProxy */ = {
			isa = PBXContainerItemProxy;
			containerPortal = 651FCBA52E8D3B9B00AC42F6 /* Project object */;
			proxyType = 1;
			remoteGlobalIDString = 65F66C192EE4FD780089B62E;
			remoteInfo = TrackerWidgetExtension;
		};
/* End PBXContainerItemProxy section */

/* Begin PBXCopyFilesBuildPhase section */
		65B6FEC82EE5EF8700DB4EED /* Embed Watch Content */ = {
			isa = PBXCopyFilesBuildPhase;
			buildActionMask = 2147483647;
			dstPath = "$(CONTENTS_FOLDER_PATH)/Watch";
			dstSubfolderSpec = 16;
			files = (
				65B6FEC42EE5EF8700DB4EED /* GymTrackerWatch Watch App.app in Embed Watch Content */,
			);
			name = "Embed Watch Content";
			runOnlyForDeploymentPostprocessing = 0;
		};
		65F66C352EE4FD790089B62E /* Embed Foundation Extensions */ = {
			isa = PBXCopyFilesBuildPhase;
			buildActionMask = 2147483647;
			dstPath = "";
			dstSubfolderSpec = 13;
			files = (
				65F66C302EE4FD790089B62E /* TrackerWidgetExtension.appex in Embed Foundation Extensions */,
			);
			name = "Embed Foundation Extensions";
			runOnlyForDeploymentPostprocessing = 0;
		};
/* End PBXCopyFilesBuildPhase section */

/* Begin PBXFileReference section */
		651FCBAD2E8D3B9C00AC42F6 /* GymTracker.app */ = {isa = PBXFileReference; explicitFileType = wrapper.application; includeInIndex = 0; path = GymTracker.app; sourceTree = BUILT_PRODUCTS_DIR; };
		65B6FEBA2EE5EF8500DB4EED /* GymTrackerWatch Watch App.app */ = {isa = PBXFileReference; explicitFileType = wrapper.application; includeInIndex = 0; path = "GymTrackerWatch Watch App.app"; sourceTree = BUILT_PRODUCTS_DIR; };
		65F66C1A2EE4FD780089B62E /* TrackerWidgetExtension.appex */ = {isa = PBXFileReference; explicitFileType = "wrapper.app-extension"; includeInIndex = 0; path = TrackerWidgetExtension.appex; sourceTree = BUILT_PRODUCTS_DIR; };
		65F66C1C2EE4FD780089B62E /* WidgetKit.framework */ = {isa = PBXFileReference; lastKnownFileType = wrapper.framework; name = WidgetKit.framework; path = System/Library/Frameworks/WidgetKit.framework; sourceTree = SDKROOT; };
		65F66C1E2EE4FD780089B62E /* SwiftUI.framework */ = {isa = PBXFileReference; lastKnownFileType = wrapper.framework; name = SwiftUI.framework; path = System/Library/Frameworks/SwiftUI.framework; sourceTree = SDKROOT; };
/* End PBXFileReference section */

/* Begin PBXFileSystemSynchronizedBuildFileExceptionSet section */
		65B6FECA2EE5F00500DB4EED /* Exceptions for "GymTracker" folder in "GymTrackerWatch Watch App" target */ = {
			isa = PBXFileSystemSynchronizedBuildFileExceptionSet;
			membershipExceptions = (
				API/API_Base.swift,
				API/API_Data.swift,
				API/API_Helper.swift,
				API/ExerciseApi.swift,
				GymTracker.icon,
				Manager/HealthKitManager.swift,
				Manager/MediaCache.swift,
				Models/Exercise.swift,
				Models/ExerciseSplitDay.swift,
				Models/Session.swift,
				Models/SessionExercise.swift,
				Models/SessionRep.swift,
				Models/SessionSet.swift,
				Models/SplitDay.swift,
				Models/TrackerTimer.swift,
				Models/User.swift,
				Services/ExerciseService.swift,
				Services/ExerciseSplitDayService.swift,
				Services/ServiceBase.swift,
				Services/SessionExerciseService.swift,
				Services/SessionService.swift,
				Services/SetService.swift,
				Services/SplitDayService.swift,
				Services/TimerService.swift,
				Services/TimerServiceLiveActivity.swift,
				Services/UserService.swift,
				SharedModelConfig.swift,
				Views/Home/StepBarGraph.swift,
			);
			target = 65B6FEB92EE5EF8500DB4EED /* GymTrackerWatch Watch App */;
		};
		65F66C152EE4FCF50089B62E /* Exceptions for "GymTracker" folder in "GymTracker" target */ = {
			isa = PBXFileSystemSynchronizedBuildFileExceptionSet;
			membershipExceptions = (
				Info.plist,
			);
			target = 651FCBAC2E8D3B9B00AC42F6 /* GymTracker */;
		};
		65F66C342EE4FD790089B62E /* Exceptions for "TrackerWidget" folder in "TrackerWidgetExtension" target */ = {
			isa = PBXFileSystemSynchronizedBuildFileExceptionSet;
			membershipExceptions = (
				Info.plist,
			);
			target = 65F66C192EE4FD780089B62E /* TrackerWidgetExtension */;
		};
		65F66C3A2EE4FF130089B62E /* Exceptions for "TrackerWidget" folder in "GymTracker" target */ = {
			isa = PBXFileSystemSynchronizedBuildFileExceptionSet;
			membershipExceptions = (
				TrackerTimer/IslandExpandedView.swift,
				TrackerTimer/TimerActivityAttributes.swift,
				TrackerTimer/TimerAppIntents.swift,
				TrackerTimer/TimerDataController.swift,
				WidgetTimerHelper.swift,
				WidgetUtils.swift,
			);
			target = 651FCBAC2E8D3B9B00AC42F6 /* GymTracker */;
		};
		65F66C422EE500F10089B62E /* Exceptions for "GymTracker" folder in "TrackerWidgetExtension" target */ = {
			isa = PBXFileSystemSynchronizedBuildFileExceptionSet;
			membershipExceptions = (
				API/API_Base.swift,
				API/API_Data.swift,
				API/API_Helper.swift,
				API/ExerciseApi.swift,
				Models/Exercise.swift,
				Models/ExerciseSplitDay.swift,
				Models/Session.swift,
				Models/SessionExercise.swift,
				Models/SessionRep.swift,
				Models/SessionSet.swift,
				Models/SplitDay.swift,
				Models/TrackerTimer.swift,
				Models/User.swift,
				Services/ServiceBase.swift,
				Services/UserService.swift,
				SharedModelConfig.swift,
			);
			target = 65F66C192EE4FD780089B62E /* TrackerWidgetExtension */;
		};
/* End PBXFileSystemSynchronizedBuildFileExceptionSet section */

/* Begin PBXFileSystemSynchronizedRootGroup section */
		651FCBAF2E8D3B9C00AC42F6 /* GymTracker */ = {
			isa = PBXFileSystemSynchronizedRootGroup;
			exceptions = (
				65F66C152EE4FCF50089B62E /* Exceptions for "GymTracker" folder in "GymTracker" target */,
				65F66C422EE500F10089B62E /* Exceptions for "GymTracker" folder in "TrackerWidgetExtension" target */,
				65B6FECA2EE5F00500DB4EED /* Exceptions for "GymTracker" folder in "GymTrackerWatch Watch App" target */,
			);
			path = GymTracker;
			sourceTree = "<group>";
		};
		65B6FEBB2EE5EF8500DB4EED /* GymTrackerWatch Watch App */ = {
			isa = PBXFileSystemSynchronizedRootGroup;
			path = "GymTrackerWatch Watch App";
			sourceTree = "<group>";
		};
		65F66C202EE4FD780089B62E /* TrackerWidget */ = {
			isa = PBXFileSystemSynchronizedRootGroup;
			exceptions = (
				65F66C3A2EE4FF130089B62E /* Exceptions for "TrackerWidget" folder in "GymTracker" target */,
				65F66C342EE4FD790089B62E /* Exceptions for "TrackerWidget" folder in "TrackerWidgetExtension" target */,
			);
			path = TrackerWidget;
			sourceTree = "<group>";
		};
/* End PBXFileSystemSynchronizedRootGroup section */

/* Begin PBXFrameworksBuildPhase section */
		651FCBAA2E8D3B9B00AC42F6 /* Frameworks */ = {
			isa = PBXFrameworksBuildPhase;
			buildActionMask = 2147483647;
			files = (
			);
			runOnlyForDeploymentPostprocessing = 0;
		};
		65B6FEB72EE5EF8500DB4EED /* Frameworks */ = {
			isa = PBXFrameworksBuildPhase;
			buildActionMask = 2147483647;
			files = (
			);
			runOnlyForDeploymentPostprocessing = 0;
		};
		65F66C172EE4FD780089B62E /* Frameworks */ = {
			isa = PBXFrameworksBuildPhase;
			buildActionMask = 2147483647;
			files = (
				65F66C1F2EE4FD780089B62E /* SwiftUI.framework in Frameworks */,
				65F66C1D2EE4FD780089B62E /* WidgetKit.framework in Frameworks */,
			);
			runOnlyForDeploymentPostprocessing = 0;
		};
/* End PBXFrameworksBuildPhase section */

/* Begin PBXGroup section */
		651FCBA42E8D3B9B00AC42F6 = {
			isa = PBXGroup;
			children = (
				651FCBAF2E8D3B9C00AC42F6 /* GymTracker */,
				65F66C202EE4FD780089B62E /* TrackerWidget */,
				65B6FEBB2EE5EF8500DB4EED /* GymTrackerWatch Watch App */,
				65F66C1B2EE4FD780089B62E /* Frameworks */,
				651FCBAE2E8D3B9C00AC42F6 /* Products */,
			);
			sourceTree = "<group>";
		};
		651FCBAE2E8D3B9C00AC42F6 /* Products */ = {
			isa = PBXGroup;
			children = (
				651FCBAD2E8D3B9C00AC42F6 /* GymTracker.app */,
				65F66C1A2EE4FD780089B62E /* TrackerWidgetExtension.appex */,
				65B6FEBA2EE5EF8500DB4EED /* GymTrackerWatch Watch App.app */,
			);
			name = Products;
			sourceTree = "<group>";
		};
		65F66C1B2EE4FD780089B62E /* Frameworks */ = {
			isa = PBXGroup;
			children = (
				65F66C1C2EE4FD780089B62E /* WidgetKit.framework */,
				65F66C1E2EE4FD780089B62E /* SwiftUI.framework */,
			);
			name = Frameworks;
			sourceTree = "<group>";
		};
/* End PBXGroup section */

/* Begin PBXNativeTarget section */
		651FCBAC2E8D3B9B00AC42F6 /* GymTracker */ = {
			isa = PBXNativeTarget;
			buildConfigurationList = 651FCBBA2E8D3B9E00AC42F6 /* Build configuration list for PBXNativeTarget "GymTracker" */;
			buildPhases = (
				651FCBA92E8D3B9B00AC42F6 /* Sources */,
				651FCBAA2E8D3B9B00AC42F6 /* Frameworks */,
				651FCBAB2E8D3B9B00AC42F6 /* Resources */,
				65F66C352EE4FD790089B62E /* Embed Foundation Extensions */,
				65B6FEC82EE5EF8700DB4EED /* Embed Watch Content */,
			);
			buildRules = (
			);
			dependencies = (
				65F66C2F2EE4FD790089B62E /* PBXTargetDependency */,
				65B6FEC32EE5EF8700DB4EED /* PBXTargetDependency */,
			);
			fileSystemSynchronizedGroups = (
				651FCBAF2E8D3B9C00AC42F6 /* GymTracker */,
			);
			name = GymTracker;
			packageProductDependencies = (
			);
			productName = GymTracker;
			productReference = 651FCBAD2E8D3B9C00AC42F6 /* GymTracker.app */;
			productType = "com.apple.product-type.application";
		};
		65B6FEB92EE5EF8500DB4EED /* GymTrackerWatch Watch App */ = {
			isa = PBXNativeTarget;
			buildConfigurationList = 65B6FEC52EE5EF8700DB4EED /* Build configuration list for PBXNativeTarget "GymTrackerWatch Watch App" */;
			buildPhases = (
				65B6FEB62EE5EF8500DB4EED /* Sources */,
				65B6FEB72EE5EF8500DB4EED /* Frameworks */,
				65B6FEB82EE5EF8500DB4EED /* Resources */,
			);
			buildRules = (
			);
			dependencies = (
			);
			fileSystemSynchronizedGroups = (
				65B6FEBB2EE5EF8500DB4EED /* GymTrackerWatch Watch App */,
			);
			name = "GymTrackerWatch Watch App";
			packageProductDependencies = (
			);
			productName = "GymTrackerWatch Watch App";
			productReference = 65B6FEBA2EE5EF8500DB4EED /* GymTrackerWatch Watch App.app */;
			productType = "com.apple.product-type.application";
		};
		65F66C192EE4FD780089B62E /* TrackerWidgetExtension */ = {
			isa = PBXNativeTarget;
			buildConfigurationList = 65F66C312EE4FD790089B62E /* Build configuration list for PBXNativeTarget "TrackerWidgetExtension" */;
			buildPhases = (
				65F66C162EE4FD780089B62E /* Sources */,
				65F66C172EE4FD780089B62E /* Frameworks */,
				65F66C182EE4FD780089B62E /* Resources */,
			);
			buildRules = (
			);
			dependencies = (
			);
			fileSystemSynchronizedGroups = (
				65F66C202EE4FD780089B62E /* TrackerWidget */,
			);
			name = TrackerWidgetExtension;
			packageProductDependencies = (
			);
			productName = TrackerWidgetExtension;
			productReference = 65F66C1A2EE4FD780089B62E /* TrackerWidgetExtension.appex */;
			productType = "com.apple.product-type.app-extension";
		};
/* End PBXNativeTarget section */

/* Begin PBXProject section */
		651FCBA52E8D3B9B00AC42F6 /* Project object */ = {
			isa = PBXProject;
			attributes = {
				BuildIndependentTargetsInParallel = 1;
				LastSwiftUpdateCheck = 2610;
				LastUpgradeCheck = 2600;
				TargetAttributes = {
					651FCBAC2E8D3B9B00AC42F6 = {
						CreatedOnToolsVersion = 26.0;
					};
					65B6FEB92EE5EF8500DB4EED = {
						CreatedOnToolsVersion = 26.1;
					};
					65F66C192EE4FD780089B62E = {
						CreatedOnToolsVersion = 26.1;
					};
				};
			};
			buildConfigurationList = 651FCBA82E8D3B9B00AC42F6 /* Build configuration list for PBXProject "GymTracker" */;
			developmentRegion = en;
			hasScannedForEncodings = 0;
			knownRegions = (
				en,
				Base,
			);
			mainGroup = 651FCBA42E8D3B9B00AC42F6;
			minimizedProjectReferenceProxies = 1;
			preferredProjectObjectVersion = 77;
			productRefGroup = 651FCBAE2E8D3B9C00AC42F6 /* Products */;
			projectDirPath = "";
			projectRoot = "";
			targets = (
				651FCBAC2E8D3B9B00AC42F6 /* GymTracker */,
				65F66C192EE4FD780089B62E /* TrackerWidgetExtension */,
				65B6FEB92EE5EF8500DB4EED /* GymTrackerWatch Watch App */,
			);
		};
/* End PBXProject section */

/* Begin PBXResourcesBuildPhase section */
		651FCBAB2E8D3B9B00AC42F6 /* Resources */ = {
			isa = PBXResourcesBuildPhase;
			buildActionMask = 2147483647;
			files = (
			);
			runOnlyForDeploymentPostprocessing = 0;
		};
		65B6FEB82EE5EF8500DB4EED /* Resources */ = {
			isa = PBXResourcesBuildPhase;
			buildActionMask = 2147483647;
			files = (
			);
			runOnlyForDeploymentPostprocessing = 0;
		};
		65F66C182EE4FD780089B62E /* Resources */ = {
			isa = PBXResourcesBuildPhase;
			buildActionMask = 2147483647;
			files = (
			);
			runOnlyForDeploymentPostprocessing = 0;
		};
/* End PBXResourcesBuildPhase section */

/* Begin PBXSourcesBuildPhase section */
		651FCBA92E8D3B9B00AC42F6 /* Sources */ = {
			isa = PBXSourcesBuildPhase;
			buildActionMask = 2147483647;
			files = (
			);
			runOnlyForDeploymentPostprocessing = 0;
		};
		65B6FEB62EE5EF8500DB4EED /* Sources */ = {
			isa = PBXSourcesBuildPhase;
			buildActionMask = 2147483647;
			files = (
			);
			runOnlyForDeploymentPostprocessing = 0;
		};
		65F66C162EE4FD780089B62E /* Sources */ = {
			isa = PBXSourcesBuildPhase;
			buildActionMask = 2147483647;
			files = (
			);
			runOnlyForDeploymentPostprocessing = 0;
		};
/* End PBXSourcesBuildPhase section */

/* Begin PBXTargetDependency section */
		65B6FEC32EE5EF8700DB4EED /* PBXTargetDependency */ = {
			isa = PBXTargetDependency;
			target = 65B6FEB92EE5EF8500DB4EED /* GymTrackerWatch Watch App */;
			targetProxy = 65B6FEC22EE5EF8700DB4EED /* PBXContainerItemProxy */;
		};
		65F66C2F2EE4FD790089B62E /* PBXTargetDependency */ = {
			isa = PBXTargetDependency;
			target = 65F66C192EE4FD780089B62E /* TrackerWidgetExtension */;
			targetProxy = 65F66C2E2EE4FD790089B62E /* PBXContainerItemProxy */;
		};
/* End PBXTargetDependency section */

/* Begin XCBuildConfiguration section */
		651FCBB82E8D3B9E00AC42F6 /* Debug */ = {
			isa = XCBuildConfiguration;
			buildSettings = {
				ALWAYS_SEARCH_USER_PATHS = NO;
				ASSETCATALOG_COMPILER_GENERATE_SWIFT_ASSET_SYMBOL_EXTENSIONS = YES;
				CLANG_ANALYZER_NONNULL = YES;
				CLANG_ANALYZER_NUMBER_OBJECT_CONVERSION = YES_AGGRESSIVE;
				CLANG_CXX_LANGUAGE_STANDARD = "gnu++20";
				CLANG_ENABLE_MODULES = YES;
				CLANG_ENABLE_OBJC_ARC = YES;
				CLANG_ENABLE_OBJC_WEAK = YES;
				CLANG_WARN_BLOCK_CAPTURE_AUTORELEASING = YES;
				CLANG_WARN_BOOL_CONVERSION = YES;
				CLANG_WARN_COMMA = YES;
				CLANG_WARN_CONSTANT_CONVERSION = YES;
				CLANG_WARN_DEPRECATED_OBJC_IMPLEMENTATIONS = YES;
				CLANG_WARN_DIRECT_OBJC_ISA_USAGE = YES_ERROR;
				CLANG_WARN_DOCUMENTATION_COMMENTS = YES;
				CLANG_WARN_EMPTY_BODY = YES;
				CLANG_WARN_ENUM_CONVERSION = YES;
				CLANG_WARN_INFINITE_RECURSION = YES;
				CLANG_WARN_INT_CONVERSION = YES;
				CLANG_WARN_NON_LITERAL_NULL_CONVERSION = YES;
				CLANG_WARN_OBJC_IMPLICIT_RETAIN_SELF = YES;
				CLANG_WARN_OBJC_LITERAL_CONVERSION = YES;
				CLANG_WARN_OBJC_ROOT_CLASS = YES_ERROR;
				CLANG_WARN_QUOTED_INCLUDE_IN_FRAMEWORK_HEADER = YES;
				CLANG_WARN_RANGE_LOOP_ANALYSIS = YES;
				CLANG_WARN_STRICT_PROTOTYPES = YES;
				CLANG_WARN_SUSPICIOUS_MOVE = YES;
				CLANG_WARN_UNGUARDED_AVAILABILITY = YES_AGGRESSIVE;
				CLANG_WARN_UNREACHABLE_CODE = YES;
				CLANG_WARN__DUPLICATE_METHOD_MATCH = YES;
				COPY_PHASE_STRIP = NO;
				DEBUG_INFORMATION_FORMAT = dwarf;
				DEVELOPMENT_TEAM = VHCWBN8GY3;
				ENABLE_STRICT_OBJC_MSGSEND = YES;
				ENABLE_TESTABILITY = YES;
				ENABLE_USER_SCRIPT_SANDBOXING = YES;
				GCC_C_LANGUAGE_STANDARD = gnu17;
				GCC_DYNAMIC_NO_PIC = NO;
				GCC_NO_COMMON_BLOCKS = YES;
				GCC_OPTIMIZATION_LEVEL = 0;
				GCC_PREPROCESSOR_DEFINITIONS = (
					"DEBUG=1",
					"$(inherited)",
				);
				GCC_WARN_64_TO_32_BIT_CONVERSION = YES;
				GCC_WARN_ABOUT_RETURN_TYPE = YES_ERROR;
				GCC_WARN_UNDECLARED_SELECTOR = YES;
				GCC_WARN_UNINITIALIZED_AUTOS = YES_AGGRESSIVE;
				GCC_WARN_UNUSED_FUNCTION = YES;
				GCC_WARN_UNUSED_VARIABLE = YES;
				INFOPLIST_KEY_NSSupportsLiveActivities = YES;
				INFOPLIST_KEY_NSSupportsLiveActivitiesFrequentUpdates = YES;
				LOCALIZATION_PREFERS_STRING_CATALOGS = YES;
				MTL_ENABLE_DEBUG_INFO = INCLUDE_SOURCE;
				MTL_FAST_MATH = YES;
				ONLY_ACTIVE_ARCH = YES;
				REGISTER_APP_GROUPS = YES;
				SWIFT_ACTIVE_COMPILATION_CONDITIONS = "DEBUG $(inherited)";
				SWIFT_OPTIMIZATION_LEVEL = "-Onone";
			};
			name = Debug;
		};
		651FCBB92E8D3B9E00AC42F6 /* Release */ = {
			isa = XCBuildConfiguration;
			buildSettings = {
				ALWAYS_SEARCH_USER_PATHS = NO;
				ASSETCATALOG_COMPILER_GENERATE_SWIFT_ASSET_SYMBOL_EXTENSIONS = YES;
				CLANG_ANALYZER_NONNULL = YES;
				CLANG_ANALYZER_NUMBER_OBJECT_CONVERSION = YES_AGGRESSIVE;
				CLANG_CXX_LANGUAGE_STANDARD = "gnu++20";
				CLANG_ENABLE_MODULES = YES;
				CLANG_ENABLE_OBJC_ARC = YES;
				CLANG_ENABLE_OBJC_WEAK = YES;
				CLANG_WARN_BLOCK_CAPTURE_AUTORELEASING = YES;
				CLANG_WARN_BOOL_CONVERSION = YES;
				CLANG_WARN_COMMA = YES;
				CLANG_WARN_CONSTANT_CONVERSION = YES;
				CLANG_WARN_DEPRECATED_OBJC_IMPLEMENTATIONS = YES;
				CLANG_WARN_DIRECT_OBJC_ISA_USAGE = YES_ERROR;
				CLANG_WARN_DOCUMENTATION_COMMENTS = YES;
				CLANG_WARN_EMPTY_BODY = YES;
				CLANG_WARN_ENUM_CONVERSION = YES;
				CLANG_WARN_INFINITE_RECURSION = YES;
				CLANG_WARN_INT_CONVERSION = YES;
				CLANG_WARN_NON_LITERAL_NULL_CONVERSION = YES;
				CLANG_WARN_OBJC_IMPLICIT_RETAIN_SELF = YES;
				CLANG_WARN_OBJC_LITERAL_CONVERSION = YES;
				CLANG_WARN_OBJC_ROOT_CLASS = YES_ERROR;
				CLANG_WARN_QUOTED_INCLUDE_IN_FRAMEWORK_HEADER = YES;
				CLANG_WARN_RANGE_LOOP_ANALYSIS = YES;
				CLANG_WARN_STRICT_PROTOTYPES = YES;
				CLANG_WARN_SUSPICIOUS_MOVE = YES;
				CLANG_WARN_UNGUARDED_AVAILABILITY = YES_AGGRESSIVE;
				CLANG_WARN_UNREACHABLE_CODE = YES;
				CLANG_WARN__DUPLICATE_METHOD_MATCH = YES;
				COPY_PHASE_STRIP = NO;
				DEBUG_INFORMATION_FORMAT = "dwarf-with-dsym";
				DEVELOPMENT_TEAM = VHCWBN8GY3;
				ENABLE_NS_ASSERTIONS = NO;
				ENABLE_STRICT_OBJC_MSGSEND = YES;
				ENABLE_USER_SCRIPT_SANDBOXING = YES;
				GCC_C_LANGUAGE_STANDARD = gnu17;
				GCC_NO_COMMON_BLOCKS = YES;
				GCC_WARN_64_TO_32_BIT_CONVERSION = YES;
				GCC_WARN_ABOUT_RETURN_TYPE = YES_ERROR;
				GCC_WARN_UNDECLARED_SELECTOR = YES;
				GCC_WARN_UNINITIALIZED_AUTOS = YES_AGGRESSIVE;
				GCC_WARN_UNUSED_FUNCTION = YES;
				GCC_WARN_UNUSED_VARIABLE = YES;
				INFOPLIST_KEY_NSSupportsLiveActivities = YES;
				INFOPLIST_KEY_NSSupportsLiveActivitiesFrequentUpdates = YES;
				LOCALIZATION_PREFERS_STRING_CATALOGS = YES;
				MTL_ENABLE_DEBUG_INFO = NO;
				MTL_FAST_MATH = YES;
				REGISTER_APP_GROUPS = YES;
				SWIFT_COMPILATION_MODE = wholemodule;
			};
			name = Release;
		};
		651FCBBB2E8D3B9E00AC42F6 /* Debug */ = {
			isa = XCBuildConfiguration;
			buildSettings = {
				ASSETCATALOG_COMPILER_APPICON_NAME = GymTracker;
				ASSETCATALOG_COMPILER_GLOBAL_ACCENT_COLOR_NAME = AccentColor;
				CODE_SIGN_ENTITLEMENTS = GymTracker/GymTracker.entitlements;
				CODE_SIGN_STYLE = Automatic;
				CURRENT_PROJECT_VERSION = 8;
				DEVELOPMENT_TEAM = VHCWBN8GY3;
				ENABLE_APP_SANDBOX = YES;
				ENABLE_HARDENED_RUNTIME = YES;
				ENABLE_INCOMING_NETWORK_CONNECTIONS = NO;
				ENABLE_OUTGOING_NETWORK_CONNECTIONS = NO;
				ENABLE_PREVIEWS = YES;
				ENABLE_RESOURCE_ACCESS_AUDIO_INPUT = NO;
				ENABLE_RESOURCE_ACCESS_BLUETOOTH = NO;
				ENABLE_RESOURCE_ACCESS_CALENDARS = NO;
				ENABLE_RESOURCE_ACCESS_CAMERA = NO;
				ENABLE_RESOURCE_ACCESS_CONTACTS = NO;
				ENABLE_RESOURCE_ACCESS_LOCATION = NO;
				ENABLE_RESOURCE_ACCESS_PRINTING = NO;
				ENABLE_RESOURCE_ACCESS_USB = NO;
				ENABLE_USER_SELECTED_FILES = readonly;
				GENERATE_INFOPLIST_FILE = YES;
				INFOPLIST_FILE = GymTracker/Info.plist;
				INFOPLIST_KEY_NSHealthShareUsageDescription = "Importing previous workouts, and building graphs for daily steps and weight.";
				INFOPLIST_KEY_NSHealthUpdateUsageDescription = "Workout Sessions created in GymTracker can be imported to the health app.";
				INFOPLIST_KEY_NSPhotoLibraryUsageDescription = "We need access to save processed videos to show performance.";
				INFOPLIST_KEY_NSSupportsLiveActivities = YES;
				INFOPLIST_KEY_NSSupportsLiveActivitiesFrequentUpdates = YES;
				"INFOPLIST_KEY_UIApplicationSceneManifest_Generation[sdk=iphoneos*]" = YES;
				"INFOPLIST_KEY_UIApplicationSceneManifest_Generation[sdk=iphonesimulator*]" = YES;
				"INFOPLIST_KEY_UIApplicationSupportsIndirectInputEvents[sdk=iphoneos*]" = YES;
				"INFOPLIST_KEY_UIApplicationSupportsIndirectInputEvents[sdk=iphonesimulator*]" = YES;
				"INFOPLIST_KEY_UILaunchScreen_Generation[sdk=iphoneos*]" = YES;
				"INFOPLIST_KEY_UILaunchScreen_Generation[sdk=iphonesimulator*]" = YES;
				"INFOPLIST_KEY_UIStatusBarStyle[sdk=iphoneos*]" = UIStatusBarStyleDefault;
				"INFOPLIST_KEY_UIStatusBarStyle[sdk=iphonesimulator*]" = UIStatusBarStyleDefault;
				INFOPLIST_KEY_UISupportedInterfaceOrientations = "UIInterfaceOrientationPortrait UIInterfaceOrientationPortraitUpsideDown";
				INFOPLIST_KEY_UISupportedInterfaceOrientations_iPad = "UIInterfaceOrientationLandscapeLeft UIInterfaceOrientationLandscapeRight UIInterfaceOrientationPortrait UIInterfaceOrientationPortraitUpsideDown";
				IPHONEOS_DEPLOYMENT_TARGET = 26.0;
				LD_RUNPATH_SEARCH_PATHS = "@executable_path/Frameworks";
				"LD_RUNPATH_SEARCH_PATHS[sdk=macosx*]" = "@executable_path/../Frameworks";
				MACOSX_DEPLOYMENT_TARGET = 26.0;
				MARKETING_VERSION = 1.0;
				PRODUCT_BUNDLE_IDENTIFIER = net.novapro.GymTracker;
				PRODUCT_NAME = "$(TARGET_NAME)";
				REGISTER_APP_GROUPS = YES;
				SDKROOT = auto;
				STRING_CATALOG_GENERATE_SYMBOLS = YES;
				SUPPORTED_PLATFORMS = "iphoneos iphonesimulator macosx";
				SUPPORTS_MACCATALYST = NO;
				SWIFT_APPROACHABLE_CONCURRENCY = YES;
				SWIFT_DEFAULT_ACTOR_ISOLATION = MainActor;
				SWIFT_EMIT_LOC_STRINGS = YES;
				SWIFT_UPCOMING_FEATURE_MEMBER_IMPORT_VISIBILITY = YES;
				SWIFT_VERSION = 5.0;
				TARGETED_DEVICE_FAMILY = "1,2";
				XROS_DEPLOYMENT_TARGET = 26.0;
			};
			name = Debug;
		};
		651FCBBC2E8D3B9E00AC42F6 /* Release */ = {
			isa = XCBuildConfiguration;
			buildSettings = {
				ASSETCATALOG_COMPILER_APPICON_NAME = GymTracker;
				ASSETCATALOG_COMPILER_GLOBAL_ACCENT_COLOR_NAME = AccentColor;
				CODE_SIGN_ENTITLEMENTS = GymTracker/GymTracker.entitlements;
				CODE_SIGN_STYLE = Automatic;
				CURRENT_PROJECT_VERSION = 8;
				DEVELOPMENT_TEAM = VHCWBN8GY3;
				ENABLE_APP_SANDBOX = YES;
				ENABLE_HARDENED_RUNTIME = YES;
				ENABLE_INCOMING_NETWORK_CONNECTIONS = NO;
				ENABLE_OUTGOING_NETWORK_CONNECTIONS = NO;
				ENABLE_PREVIEWS = YES;
				ENABLE_RESOURCE_ACCESS_AUDIO_INPUT = NO;
				ENABLE_RESOURCE_ACCESS_BLUETOOTH = NO;
				ENABLE_RESOURCE_ACCESS_CALENDARS = NO;
				ENABLE_RESOURCE_ACCESS_CAMERA = NO;
				ENABLE_RESOURCE_ACCESS_CONTACTS = NO;
				ENABLE_RESOURCE_ACCESS_LOCATION = NO;
				ENABLE_RESOURCE_ACCESS_PRINTING = NO;
				ENABLE_RESOURCE_ACCESS_USB = NO;
				ENABLE_USER_SELECTED_FILES = readonly;
				GENERATE_INFOPLIST_FILE = YES;
				INFOPLIST_FILE = GymTracker/Info.plist;
				INFOPLIST_KEY_NSHealthShareUsageDescription = "Importing previous workouts, and building graphs for daily steps and weight.";
				INFOPLIST_KEY_NSHealthUpdateUsageDescription = "Workout Sessions created in GymTracker can be imported to the health app.";
				INFOPLIST_KEY_NSPhotoLibraryUsageDescription = "We need access to save processed videos to show performance.";
				INFOPLIST_KEY_NSSupportsLiveActivities = YES;
				INFOPLIST_KEY_NSSupportsLiveActivitiesFrequentUpdates = YES;
				"INFOPLIST_KEY_UIApplicationSceneManifest_Generation[sdk=iphoneos*]" = YES;
				"INFOPLIST_KEY_UIApplicationSceneManifest_Generation[sdk=iphonesimulator*]" = YES;
				"INFOPLIST_KEY_UIApplicationSupportsIndirectInputEvents[sdk=iphoneos*]" = YES;
				"INFOPLIST_KEY_UIApplicationSupportsIndirectInputEvents[sdk=iphonesimulator*]" = YES;
				"INFOPLIST_KEY_UILaunchScreen_Generation[sdk=iphoneos*]" = YES;
				"INFOPLIST_KEY_UILaunchScreen_Generation[sdk=iphonesimulator*]" = YES;
				"INFOPLIST_KEY_UIStatusBarStyle[sdk=iphoneos*]" = UIStatusBarStyleDefault;
				"INFOPLIST_KEY_UIStatusBarStyle[sdk=iphonesimulator*]" = UIStatusBarStyleDefault;
				INFOPLIST_KEY_UISupportedInterfaceOrientations = "UIInterfaceOrientationPortrait UIInterfaceOrientationPortraitUpsideDown";
				INFOPLIST_KEY_UISupportedInterfaceOrientations_iPad = "UIInterfaceOrientationLandscapeLeft UIInterfaceOrientationLandscapeRight UIInterfaceOrientationPortrait UIInterfaceOrientationPortraitUpsideDown";
				IPHONEOS_DEPLOYMENT_TARGET = 26.0;
				LD_RUNPATH_SEARCH_PATHS = "@executable_path/Frameworks";
				"LD_RUNPATH_SEARCH_PATHS[sdk=macosx*]" = "@executable_path/../Frameworks";
				MACOSX_DEPLOYMENT_TARGET = 26.0;
				MARKETING_VERSION = 1.0;
				PRODUCT_BUNDLE_IDENTIFIER = net.novapro.GymTracker;
				PRODUCT_NAME = "$(TARGET_NAME)";
				REGISTER_APP_GROUPS = YES;
				SDKROOT = auto;
				STRING_CATALOG_GENERATE_SYMBOLS = YES;
				SUPPORTED_PLATFORMS = "iphoneos iphonesimulator macosx";
				SUPPORTS_MACCATALYST = NO;
				SWIFT_APPROACHABLE_CONCURRENCY = YES;
				SWIFT_DEFAULT_ACTOR_ISOLATION = MainActor;
				SWIFT_EMIT_LOC_STRINGS = YES;
				SWIFT_UPCOMING_FEATURE_MEMBER_IMPORT_VISIBILITY = YES;
				SWIFT_VERSION = 5.0;
				TARGETED_DEVICE_FAMILY = "1,2";
				XROS_DEPLOYMENT_TARGET = 26.0;
			};
			name = Release;
		};
		65B6FEC62EE5EF8700DB4EED /* Debug */ = {
			isa = XCBuildConfiguration;
			buildSettings = {
				ASSETCATALOG_COMPILER_APPICON_NAME = GymTracker;
				ASSETCATALOG_COMPILER_GLOBAL_ACCENT_COLOR_NAME = AccentColor;
				CODE_SIGN_ENTITLEMENTS = "GymTrackerWatch Watch App/GymTrackerWatch Watch App.entitlements";
				CODE_SIGN_STYLE = Automatic;
				CURRENT_PROJECT_VERSION = 6;
				DEVELOPMENT_TEAM = VHCWBN8GY3;
				ENABLE_PREVIEWS = YES;
				GENERATE_INFOPLIST_FILE = YES;
				INFOPLIST_KEY_CFBundleDisplayName = GymTracker;
				INFOPLIST_KEY_NSHealthShareUsageDescription = "Importing previous workouts, and building graphs for daily steps and weight.";
				INFOPLIST_KEY_NSHealthUpdateUsageDescription = "Workout Sessions created in GymTracker can be imported to the health app.";
				INFOPLIST_KEY_NSSupportsLiveActivities = YES;
				INFOPLIST_KEY_NSSupportsLiveActivitiesFrequentUpdates = YES;
				INFOPLIST_KEY_UISupportedInterfaceOrientations = "UIInterfaceOrientationPortrait UIInterfaceOrientationPortraitUpsideDown";
				INFOPLIST_KEY_WKCompanionAppBundleIdentifier = net.novapro.GymTracker;
				LD_RUNPATH_SEARCH_PATHS = (
					"$(inherited)",
					"@executable_path/Frameworks",
				);
				MARKETING_VERSION = 1.0;
				PRODUCT_BUNDLE_IDENTIFIER = net.novapro.GymTracker.watchkitapp;
				PRODUCT_NAME = "$(TARGET_NAME)";
				SDKROOT = watchos;
				SKIP_INSTALL = YES;
				STRING_CATALOG_GENERATE_SYMBOLS = YES;
				SWIFT_APPROACHABLE_CONCURRENCY = YES;
				SWIFT_DEFAULT_ACTOR_ISOLATION = MainActor;
				SWIFT_EMIT_LOC_STRINGS = YES;
				SWIFT_UPCOMING_FEATURE_MEMBER_IMPORT_VISIBILITY = YES;
				SWIFT_VERSION = 5.0;
				TARGETED_DEVICE_FAMILY = 4;
				WATCHOS_DEPLOYMENT_TARGET = 26.0;
			};
			name = Debug;
		};
		65B6FEC72EE5EF8700DB4EED /* Release */ = {
			isa = XCBuildConfiguration;
			buildSettings = {
				ASSETCATALOG_COMPILER_APPICON_NAME = GymTracker;
				ASSETCATALOG_COMPILER_GLOBAL_ACCENT_COLOR_NAME = AccentColor;
				CODE_SIGN_ENTITLEMENTS = "GymTrackerWatch Watch App/GymTrackerWatch Watch App.entitlements";
				CODE_SIGN_STYLE = Automatic;
				CURRENT_PROJECT_VERSION = 6;
				DEVELOPMENT_TEAM = VHCWBN8GY3;
				ENABLE_PREVIEWS = YES;
				GENERATE_INFOPLIST_FILE = YES;
				INFOPLIST_KEY_CFBundleDisplayName = GymTracker;
				INFOPLIST_KEY_NSHealthShareUsageDescription = "Importing previous workouts, and building graphs for daily steps and weight.";
				INFOPLIST_KEY_NSHealthUpdateUsageDescription = "Workout Sessions created in GymTracker can be imported to the health app.";
				INFOPLIST_KEY_NSSupportsLiveActivities = YES;
				INFOPLIST_KEY_NSSupportsLiveActivitiesFrequentUpdates = YES;
				INFOPLIST_KEY_UISupportedInterfaceOrientations = "UIInterfaceOrientationPortrait UIInterfaceOrientationPortraitUpsideDown";
				INFOPLIST_KEY_WKCompanionAppBundleIdentifier = net.novapro.GymTracker;
				LD_RUNPATH_SEARCH_PATHS = (
					"$(inherited)",
					"@executable_path/Frameworks",
				);
				MARKETING_VERSION = 1.0;
				PRODUCT_BUNDLE_IDENTIFIER = net.novapro.GymTracker.watchkitapp;
				PRODUCT_NAME = "$(TARGET_NAME)";
				SDKROOT = watchos;
				SKIP_INSTALL = YES;
				STRING_CATALOG_GENERATE_SYMBOLS = YES;
				SWIFT_APPROACHABLE_CONCURRENCY = YES;
				SWIFT_DEFAULT_ACTOR_ISOLATION = MainActor;
				SWIFT_EMIT_LOC_STRINGS = YES;
				SWIFT_UPCOMING_FEATURE_MEMBER_IMPORT_VISIBILITY = YES;
				SWIFT_VERSION = 5.0;
				TARGETED_DEVICE_FAMILY = 4;
				VALIDATE_PRODUCT = YES;
				WATCHOS_DEPLOYMENT_TARGET = 26.0;
			};
			name = Release;
		};
		65F66C322EE4FD790089B62E /* Debug */ = {
			isa = XCBuildConfiguration;
			buildSettings = {
				ASSETCATALOG_COMPILER_GLOBAL_ACCENT_COLOR_NAME = AccentColor;
				ASSETCATALOG_COMPILER_WIDGET_BACKGROUND_COLOR_NAME = WidgetBackground;
				CODE_SIGN_ENTITLEMENTS = TrackerWidget/TrackerWidgetExtension.entitlements;
				CODE_SIGN_STYLE = Automatic;
				CURRENT_PROJECT_VERSION = 6;
				DEVELOPMENT_TEAM = VHCWBN8GY3;
				GENERATE_INFOPLIST_FILE = YES;
				INFOPLIST_FILE = TrackerWidget/Info.plist;
				INFOPLIST_KEY_CFBundleDisplayName = GymTracker;
				INFOPLIST_KEY_NSHumanReadableCopyright = "";
				IPHONEOS_DEPLOYMENT_TARGET = 26.0;
				LD_RUNPATH_SEARCH_PATHS = (
					"$(inherited)",
					"@executable_path/Frameworks",
					"@executable_path/../../Frameworks",
				);
				MARKETING_VERSION = 1.0;
				PRODUCT_BUNDLE_IDENTIFIER = net.novapro.GymTracker.TrackerWidget;
				PRODUCT_NAME = "$(TARGET_NAME)";
				SDKROOT = iphoneos;
				SKIP_INSTALL = YES;
				STRING_CATALOG_GENERATE_SYMBOLS = YES;
				SWIFT_APPROACHABLE_CONCURRENCY = YES;
				SWIFT_EMIT_LOC_STRINGS = YES;
				SWIFT_UPCOMING_FEATURE_MEMBER_IMPORT_VISIBILITY = YES;
				SWIFT_VERSION = 5.0;
				TARGETED_DEVICE_FAMILY = "1,2";
			};
			name = Debug;
		};
		65F66C332EE4FD790089B62E /* Release */ = {
			isa = XCBuildConfiguration;
			buildSettings = {
				ASSETCATALOG_COMPILER_GLOBAL_ACCENT_COLOR_NAME = AccentColor;
				ASSETCATALOG_COMPILER_WIDGET_BACKGROUND_COLOR_NAME = WidgetBackground;
				CODE_SIGN_ENTITLEMENTS = TrackerWidget/TrackerWidgetExtension.entitlements;
				CODE_SIGN_STYLE = Automatic;
				CURRENT_PROJECT_VERSION = 6;
				DEVELOPMENT_TEAM = VHCWBN8GY3;
				GENERATE_INFOPLIST_FILE = YES;
				INFOPLIST_FILE = TrackerWidget/Info.plist;
				INFOPLIST_KEY_CFBundleDisplayName = GymTracker;
				INFOPLIST_KEY_NSHumanReadableCopyright = "";
				IPHONEOS_DEPLOYMENT_TARGET = 26.0;
				LD_RUNPATH_SEARCH_PATHS = (
					"$(inherited)",
					"@executable_path/Frameworks",
					"@executable_path/../../Frameworks",
				);
				MARKETING_VERSION = 1.0;
				PRODUCT_BUNDLE_IDENTIFIER = net.novapro.GymTracker.TrackerWidget;
				PRODUCT_NAME = "$(TARGET_NAME)";
				SDKROOT = iphoneos;
				SKIP_INSTALL = YES;
				STRING_CATALOG_GENERATE_SYMBOLS = YES;
				SWIFT_APPROACHABLE_CONCURRENCY = YES;
				SWIFT_EMIT_LOC_STRINGS = YES;
				SWIFT_UPCOMING_FEATURE_MEMBER_IMPORT_VISIBILITY = YES;
				SWIFT_VERSION = 5.0;
				TARGETED_DEVICE_FAMILY = "1,2";
				VALIDATE_PRODUCT = YES;
			};
			name = Release;
		};
/* End XCBuildConfiguration section */

/* Begin XCConfigurationList section */
		651FCBA82E8D3B9B00AC42F6 /* Build configuration list for PBXProject "GymTracker" */ = {
			isa = XCConfigurationList;
			buildConfigurations = (
				651FCBB82E8D3B9E00AC42F6 /* Debug */,
				651FCBB92E8D3B9E00AC42F6 /* Release */,
			);
			defaultConfigurationIsVisible = 0;
			defaultConfigurationName = Release;
		};
		651FCBBA2E8D3B9E00AC42F6 /* Build configuration list for PBXNativeTarget "GymTracker" */ = {
			isa = XCConfigurationList;
			buildConfigurations = (
				651FCBBB2E8D3B9E00AC42F6 /* Debug */,
				651FCBBC2E8D3B9E00AC42F6 /* Release */,
			);
			defaultConfigurationIsVisible = 0;
			defaultConfigurationName = Release;
		};
		65B6FEC52EE5EF8700DB4EED /* Build configuration list for PBXNativeTarget "GymTrackerWatch Watch App" */ = {
			isa = XCConfigurationList;
			buildConfigurations = (
				65B6FEC62EE5EF8700DB4EED /* Debug */,
				65B6FEC72EE5EF8700DB4EED /* Release */,
			);
			defaultConfigurationIsVisible = 0;
			defaultConfigurationName = Release;
		};
		65F66C312EE4FD790089B62E /* Build configuration list for PBXNativeTarget "TrackerWidgetExtension" */ = {
			isa = XCConfigurationList;
			buildConfigurations = (
				65F66C322EE4FD790089B62E /* Debug */,
				65F66C332EE4FD790089B62E /* Release */,
			);
			defaultConfigurationIsVisible = 0;
			defaultConfigurationName = Release;
		};
/* End XCConfigurationList section */
	};
	rootObject = 651FCBA52E8D3B9B00AC42F6 /* Project object */;
}
